
Microsoft Visual Studio Solution File, Format Version 12.00
# Visual Studio Version 16
VisualStudioVersion = 16.0.29911.84
MinimumVisualStudioVersion = 10.0.40219.1
Project("{9A19103F-16F7-4668-BE54-9A1E7A4F7556}") = "DataStructures", "DataStructures\DataStructures.csproj", "{61358856-AD69-488D-AA88-991CE0BD2CDF}"
EndProject
Project("{FAE04EC0-301F-11D3-BF4B-00C04F79EFBC}") = "testGraph", "testGraph\testGraph.csproj", "{07E62200-D178-4D95-96CD-721BADA3DF8A}"
EndProject
Global
	GlobalSection(SolutionConfigurationPlatforms) = preSolution
		Debug|Any CPU = Debug|Any CPU
		Release|Any CPU = Release|Any CPU
	EndGlobalSection
	GlobalSection(ProjectConfigurationPlatforms) = postSolution
		{61358856-AD69-488D-AA88-991CE0BD2CDF}.Debug|Any CPU.ActiveCfg = Debug|Any CPU
		{61358856-AD69-488D-AA88-991CE0BD2CDF}.Debug|Any CPU.Build.0 = Debug|Any CPU
		{61358856-AD69-488D-AA88-991CE0BD2CDF}.Release|Any CPU.ActiveCfg = Release|Any CPU
		{61358856-AD69-488D-AA88-991CE0BD2CDF}.Release|Any CPU.Build.0 = Release|Any CPU
		{07E62200-D178-4D95-96CD-721BADA3DF8A}.Debug|Any CPU.ActiveCfg = Debug|Any CPU
		{07E62200-D178-4D95-96CD-721BADA3DF8A}.Debug|Any CPU.Build.0 = Debug|Any CPU
		{07E62200-D178-4D95-96CD-721BADA3DF8A}.Release|Any CPU.ActiveCfg = Release|Any CPU
		{07E62200-D178-4D95-96CD-721BADA3DF8A}.Release|Any CPU.Build.0 = Release|Any CPU
	EndGlobalSection
	GlobalSection(SolutionProperties) = preSolution
		HideSolutionNode = FALSE
	EndGlobalSection
	GlobalSection(ExtensibilityGlobals) = postSolution
		SolutionGuid = {D737F152-0395-48F9-87F4-A190D8D8BFE8}
	EndGlobalSection
EndGlobal
